
Microsoft Visual Studio Solution File, Format Version 12.00
# Visual Studio Version 17
VisualStudioVersion = 17.0.31903.59
MinimumVisualStudioVersion = 10.0.40219.1
Project("{2150E333-8FDC-42A3-9474-1A3956D46DE8}") = "tests", "tests", "{3709D519-E065-4C21-8EF3-B080F14A639C}"
EndProject
Project("{9A19103F-16F7-4668-BE54-9A1E7A4F7556}") = "Obaki.Toolkit.Test", "tests\Obaki.Toolkit.Tests\Obaki.Toolkit.Test.csproj", "{07F370A1-94A0-4CA0-BE50-CC2B09857602}"
EndProject
Project("{2150E333-8FDC-42A3-9474-1A3956D46DE8}") = "src", "src", "{FCEC0DD4-0493-4F9D-920C-9665B92838A8}"
EndProject
Project("{9A19103F-16F7-4668-BE54-9A1E7A4F7556}") = "Obaki.Toolkit.Client", "src\Client\Obaki.Toolkit.Client.csproj", "{B908278B-13EE-4A9B-BBB6-B1090B764BBB}"
EndProject
Project("{9A19103F-16F7-4668-BE54-9A1E7A4F7556}") = "Obaki.Toolkit.Application", "src\Application\Obaki.Toolkit.Application.csproj", "{A9C12D98-2365-446B-8825-98C48B385248}"
EndProject
Global
	GlobalSection(SolutionConfigurationPlatforms) = preSolution
		Debug|Any CPU = Debug|Any CPU
		Release|Any CPU = Release|Any CPU
	EndGlobalSection
	GlobalSection(ProjectConfigurationPlatforms) = postSolution
		{07F370A1-94A0-4CA0-BE50-CC2B09857602}.Debug|Any CPU.ActiveCfg = Debug|Any CPU
		{07F370A1-94A0-4CA0-BE50-CC2B09857602}.Debug|Any CPU.Build.0 = Debug|Any CPU
		{07F370A1-94A0-4CA0-BE50-CC2B09857602}.Release|Any CPU.ActiveCfg = Release|Any CPU
		{07F370A1-94A0-4CA0-BE50-CC2B09857602}.Release|Any CPU.Build.0 = Release|Any CPU
		{B908278B-13EE-4A9B-BBB6-B1090B764BBB}.Debug|Any CPU.ActiveCfg = Debug|Any CPU
		{B908278B-13EE-4A9B-BBB6-B1090B764BBB}.Debug|Any CPU.Build.0 = Debug|Any CPU
		{B908278B-13EE-4A9B-BBB6-B1090B764BBB}.Release|Any CPU.ActiveCfg = Release|Any CPU
		{B908278B-13EE-4A9B-BBB6-B1090B764BBB}.Release|Any CPU.Build.0 = Release|Any CPU
		{A9C12D98-2365-446B-8825-98C48B385248}.Debug|Any CPU.ActiveCfg = Debug|Any CPU
		{A9C12D98-2365-446B-8825-98C48B385248}.Debug|Any CPU.Build.0 = Debug|Any CPU
		{A9C12D98-2365-446B-8825-98C48B385248}.Release|Any CPU.ActiveCfg = Release|Any CPU
		{A9C12D98-2365-446B-8825-98C48B385248}.Release|Any CPU.Build.0 = Release|Any CPU
	EndGlobalSection
	GlobalSection(SolutionProperties) = preSolution
		HideSolutionNode = FALSE
	EndGlobalSection
	GlobalSection(NestedProjects) = preSolution
		{07F370A1-94A0-4CA0-BE50-CC2B09857602} = {3709D519-E065-4C21-8EF3-B080F14A639C}
		{B908278B-13EE-4A9B-BBB6-B1090B764BBB} = {FCEC0DD4-0493-4F9D-920C-9665B92838A8}
		{A9C12D98-2365-446B-8825-98C48B385248} = {FCEC0DD4-0493-4F9D-920C-9665B92838A8}
	EndGlobalSection
EndGlobal
